
Microsoft Visual Studio Solution File, Format Version 12.00
# Visual Studio Version 17
VisualStudioVersion = 17.3.32929.385
MinimumVisualStudioVersion = 10.0.40219.1
Project("{9A19103F-16F7-4668-BE54-9A1E7A4F7556}") = "Sinerlog.Lambda.Pdf.Label", "Sinerlog.Lambda.Pdf.Label\Sinerlog.Lambda.Pdf.Label.csproj", "{EB090B13-7568-40BF-8E92-68DD20617109}"
EndProject
Project("{9A19103F-16F7-4668-BE54-9A1E7A4F7556}") = "Sinerlog.Lambda.Pdf.Label.Tests", "Sinerlog.Lambda.Pdf.Label.Tests\Sinerlog.Lambda.Pdf.Label.Tests.csproj", "{0E7D0122-0EEC-4C64-9469-81FDB5F50174}"
EndProject
Project("{FAE04EC0-301F-11D3-BF4B-00C04F79EFBC}") = "Sinerlog.Lambda.Pdf.Common", "Sinerlog.Lambda.Pdf.Common\Sinerlog.Lambda.Pdf.Common.csproj", "{43C42714-AB0A-420A-9E3C-7F8BB4CEC8C2}"
EndProject
Global
	GlobalSection(SolutionConfigurationPlatforms) = preSolution
		Debug|Any CPU = Debug|Any CPU
		Release|Any CPU = Release|Any CPU
	EndGlobalSection
	GlobalSection(ProjectConfigurationPlatforms) = postSolution
		{EB090B13-7568-40BF-8E92-68DD20617109}.Debug|Any CPU.ActiveCfg = Debug|Any CPU
		{EB090B13-7568-40BF-8E92-68DD20617109}.Debug|Any CPU.Build.0 = Debug|Any CPU
		{EB090B13-7568-40BF-8E92-68DD20617109}.Release|Any CPU.ActiveCfg = Release|Any CPU
		{EB090B13-7568-40BF-8E92-68DD20617109}.Release|Any CPU.Build.0 = Release|Any CPU
		{0E7D0122-0EEC-4C64-9469-81FDB5F50174}.Debug|Any CPU.ActiveCfg = Debug|Any CPU
		{0E7D0122-0EEC-4C64-9469-81FDB5F50174}.Debug|Any CPU.Build.0 = Debug|Any CPU
		{0E7D0122-0EEC-4C64-9469-81FDB5F50174}.Release|Any CPU.ActiveCfg = Release|Any CPU
		{0E7D0122-0EEC-4C64-9469-81FDB5F50174}.Release|Any CPU.Build.0 = Release|Any CPU
		{43C42714-AB0A-420A-9E3C-7F8BB4CEC8C2}.Debug|Any CPU.ActiveCfg = Debug|Any CPU
		{43C42714-AB0A-420A-9E3C-7F8BB4CEC8C2}.Debug|Any CPU.Build.0 = Debug|Any CPU
		{43C42714-AB0A-420A-9E3C-7F8BB4CEC8C2}.Release|Any CPU.ActiveCfg = Release|Any CPU
		{43C42714-AB0A-420A-9E3C-7F8BB4CEC8C2}.Release|Any CPU.Build.0 = Release|Any CPU
	EndGlobalSection
	GlobalSection(SolutionProperties) = preSolution
		HideSolutionNode = FALSE
	EndGlobalSection
	GlobalSection(ExtensibilityGlobals) = postSolution
		SolutionGuid = {CE910092-D623-411F-B109-7F8D5ED6C2BE}
	EndGlobalSection
EndGlobal
